// !$*UTF8*$!
{
	archiveVersion = 1;
	classes = {
	};
	objectVersion = 77;
	objects = {

/* Begin PBXContainerItemProxy section */
		B822681F2DBAF6C600BD79E1 /* PBXContainerItemProxy */ = {
			isa = PBXContainerItemProxy;
			containerPortal = B82268002DBAF6C300BD79E1 /* Project object */;
			proxyType = 1;
			remoteGlobalIDString = B82268072DBAF6C300BD79E1;
			remoteInfo = GaleriaArtistasCuritiba;
		};
		B82268292DBAF6C600BD79E1 /* PBXContainerItemProxy */ = {
			isa = PBXContainerItemProxy;
			containerPortal = B82268002DBAF6C300BD79E1 /* Project object */;
			proxyType = 1;
			remoteGlobalIDString = B82268072DBAF6C300BD79E1;
			remoteInfo = GaleriaArtistasCuritiba;
		};
/* End PBXContainerItemProxy section */

/* Begin PBXFileReference section */
		B82268082DBAF6C300BD79E1 /* GaleriaArtistasCuritiba.app */ = {isa = PBXFileReference; explicitFileType = wrapper.application; includeInIndex = 0; path = GaleriaArtistasCuritiba.app; sourceTree = BUILT_PRODUCTS_DIR; };
		B822681E2DBAF6C600BD79E1 /* GaleriaArtistasCuritibaTests.xctest */ = {isa = PBXFileReference; explicitFileType = wrapper.cfbundle; includeInIndex = 0; path = GaleriaArtistasCuritibaTests.xctest; sourceTree = BUILT_PRODUCTS_DIR; };
		B82268282DBAF6C600BD79E1 /* GaleriaArtistasCuritibaUITests.xctest */ = {isa = PBXFileReference; explicitFileType = wrapper.cfbundle; includeInIndex = 0; path = GaleriaArtistasCuritibaUITests.xctest; sourceTree = BUILT_PRODUCTS_DIR; };
/* End PBXFileReference section */

/* Begin PBXFileSystemSynchronizedBuildFileExceptionSet section */
		B82268302DBAF6C600BD79E1 /* Exceptions for "GaleriaArtistasCuritiba" folder in "GaleriaArtistasCuritiba" target */ = {
			isa = PBXFileSystemSynchronizedBuildFileExceptionSet;
			membershipExceptions = (
				Info.plist,
			);
			target = B82268072DBAF6C300BD79E1 /* GaleriaArtistasCuritiba */;
		};
/* End PBXFileSystemSynchronizedBuildFileExceptionSet section */

/* Begin PBXFileSystemSynchronizedRootGroup section */
		B822680A2DBAF6C300BD79E1 /* GaleriaArtistasCuritiba */ = {
			isa = PBXFileSystemSynchronizedRootGroup;
			exceptions = (
				B82268302DBAF6C600BD79E1 /* Exceptions for "GaleriaArtistasCuritiba" folder in "GaleriaArtistasCuritiba" target */,
			);
			path = GaleriaArtistasCuritiba;
			sourceTree = "<group>";
		};
		B82268212DBAF6C600BD79E1 /* GaleriaArtistasCuritibaTests */ = {
			isa = PBXFileSystemSynchronizedRootGroup;
			path = GaleriaArtistasCuritibaTests;
			sourceTree = "<group>";
		};
		B822682B2DBAF6C600BD79E1 /* GaleriaArtistasCuritibaUITests */ = {
			isa = PBXFileSystemSynchronizedRootGroup;
			path = GaleriaArtistasCuritibaUITests;
			sourceTree = "<group>";
		};
/* End PBXFileSystemSynchronizedRootGroup section */

/* Begin PBXFrameworksBuildPhase section */
		B82268052DBAF6C300BD79E1 /* Frameworks */ = {
			isa = PBXFrameworksBuildPhase;
			buildActionMask = 2147483647;
			files = (
			);
			runOnlyForDeploymentPostprocessing = 0;
		};
		B822681B2DBAF6C600BD79E1 /* Frameworks */ = {
			isa = PBXFrameworksBuildPhase;
			buildActionMask = 2147483647;
			files = (
			);
			runOnlyForDeploymentPostprocessing = 0;
		};
		B82268252DBAF6C600BD79E1 /* Frameworks */ = {
			isa = PBXFrameworksBuildPhase;
			buildActionMask = 2147483647;
			files = (
			);
			runOnlyForDeploymentPostprocessing = 0;
		};
/* End PBXFrameworksBuildPhase section */

/* Begin PBXGroup section */
		B82267FF2DBAF6C300BD79E1 = {
			isa = PBXGroup;
			children = (
				B822680A2DBAF6C300BD79E1 /* GaleriaArtistasCuritiba */,
				B82268212DBAF6C600BD79E1 /* GaleriaArtistasCuritibaTests */,
				B822682B2DBAF6C600BD79E1 /* GaleriaArtistasCuritibaUITests */,
				B82268092DBAF6C300BD79E1 /* Products */,
			);
			sourceTree = "<group>";
		};
		B82268092DBAF6C300BD79E1 /* Products */ = {
			isa = PBXGroup;
			children = (
				B82268082DBAF6C300BD79E1 /* GaleriaArtistasCuritiba.app */,
				B822681E2DBAF6C600BD79E1 /* GaleriaArtistasCuritibaTests.xctest */,
				B82268282DBAF6C600BD79E1 /* GaleriaArtistasCuritibaUITests.xctest */,
			);
			name = Products;
			sourceTree = "<group>";
		};
/* End PBXGroup section */

/* Begin PBXNativeTarget section */
		B82268072DBAF6C300BD79E1 /* GaleriaArtistasCuritiba */ = {
			isa = PBXNativeTarget;
			buildConfigurationList = B82268312DBAF6C600BD79E1 /* Build configuration list for PBXNativeTarget "GaleriaArtistasCuritiba" */;
			buildPhases = (
				B82268042DBAF6C300BD79E1 /* Sources */,
				B82268052DBAF6C300BD79E1 /* Frameworks */,
				B82268062DBAF6C300BD79E1 /* Resources */,
			);
			buildRules = (
			);
			dependencies = (
			);
			fileSystemSynchronizedGroups = (
				B822680A2DBAF6C300BD79E1 /* GaleriaArtistasCuritiba */,
			);
			name = GaleriaArtistasCuritiba;
			packageProductDependencies = (
			);
			productName = GaleriaArtistasCuritiba;
			productReference = B82268082DBAF6C300BD79E1 /* GaleriaArtistasCuritiba.app */;
			productType = "com.apple.product-type.application";
		};
		B822681D2DBAF6C600BD79E1 /* GaleriaArtistasCuritibaTests */ = {
			isa = PBXNativeTarget;
			buildConfigurationList = B82268362DBAF6C600BD79E1 /* Build configuration list for PBXNativeTarget "GaleriaArtistasCuritibaTests" */;
			buildPhases = (
				B822681A2DBAF6C600BD79E1 /* Sources */,
				B822681B2DBAF6C600BD79E1 /* Frameworks */,
				B822681C2DBAF6C600BD79E1 /* Resources */,
			);
			buildRules = (
			);
			dependencies = (
				B82268202DBAF6C600BD79E1 /* PBXTargetDependency */,
			);
			fileSystemSynchronizedGroups = (
				B82268212DBAF6C600BD79E1 /* GaleriaArtistasCuritibaTests */,
			);
			name = GaleriaArtistasCuritibaTests;
			packageProductDependencies = (
			);
			productName = GaleriaArtistasCuritibaTests;
			productReference = B822681E2DBAF6C600BD79E1 /* GaleriaArtistasCuritibaTests.xctest */;
			productType = "com.apple.product-type.bundle.unit-test";
		};
		B82268272DBAF6C600BD79E1 /* GaleriaArtistasCuritibaUITests */ = {
			isa = PBXNativeTarget;
			buildConfigurationList = B82268392DBAF6C600BD79E1 /* Build configuration list for PBXNativeTarget "GaleriaArtistasCuritibaUITests" */;
			buildPhases = (
				B82268242DBAF6C600BD79E1 /* Sources */,
				B82268252DBAF6C600BD79E1 /* Frameworks */,
				B82268262DBAF6C600BD79E1 /* Resources */,
			);
			buildRules = (
			);
			dependencies = (
				B822682A2DBAF6C600BD79E1 /* PBXTargetDependency */,
			);
			fileSystemSynchronizedGroups = (
				B822682B2DBAF6C600BD79E1 /* GaleriaArtistasCuritibaUITests */,
			);
			name = GaleriaArtistasCuritibaUITests;
			packageProductDependencies = (
			);
			productName = GaleriaArtistasCuritibaUITests;
			productReference = B82268282DBAF6C600BD79E1 /* GaleriaArtistasCuritibaUITests.xctest */;
			productType = "com.apple.product-type.bundle.ui-testing";
		};
/* End PBXNativeTarget section */

/* Begin PBXProject section */
		B82268002DBAF6C300BD79E1 /* Project object */ = {
			isa = PBXProject;
			attributes = {
				BuildIndependentTargetsInParallel = 1;
				LastSwiftUpdateCheck = 1620;
				LastUpgradeCheck = 1620;
				TargetAttributes = {
					B82268072DBAF6C300BD79E1 = {
						CreatedOnToolsVersion = 16.2;
					};
					B822681D2DBAF6C600BD79E1 = {
						CreatedOnToolsVersion = 16.2;
						TestTargetID = B82268072DBAF6C300BD79E1;
					};
					B82268272DBAF6C600BD79E1 = {
						CreatedOnToolsVersion = 16.2;
						TestTargetID = B82268072DBAF6C300BD79E1;
					};
				};
			};
			buildConfigurationList = B82268032DBAF6C300BD79E1 /* Build configuration list for PBXProject "GaleriaArtistasCuritiba" */;
			developmentRegion = en;
			hasScannedForEncodings = 0;
			knownRegions = (
				en,
				Base,
			);
			mainGroup = B82267FF2DBAF6C300BD79E1;
			minimizedProjectReferenceProxies = 1;
			preferredProjectObjectVersion = 77;
			productRefGroup = B82268092DBAF6C300BD79E1 /* Products */;
			projectDirPath = "";
			projectRoot = "";
			targets = (
				B82268072DBAF6C300BD79E1 /* GaleriaArtistasCuritiba */,
				B822681D2DBAF6C600BD79E1 /* GaleriaArtistasCuritibaTests */,
				B82268272DBAF6C600BD79E1 /* GaleriaArtistasCuritibaUITests */,
			);
		};
/* End PBXProject section */

/* Begin PBXResourcesBuildPhase section */
		B82268062DBAF6C300BD79E1 /* Resources */ = {
			isa = PBXResourcesBuildPhase;
			buildActionMask = 2147483647;
			files = (
			);
			runOnlyForDeploymentPostprocessing = 0;
		};
		B822681C2DBAF6C600BD79E1 /* Resources */ = {
			isa = PBXResourcesBuildPhase;
			buildActionMask = 2147483647;
			files = (
			);
			runOnlyForDeploymentPostprocessing = 0;
		};
		B82268262DBAF6C600BD79E1 /* Resources */ = {
			isa = PBXResourcesBuildPhase;
			buildActionMask = 2147483647;
			files = (
			);
			runOnlyForDeploymentPostprocessing = 0;
		};
/* End PBXResourcesBuildPhase section */

/* Begin PBXSourcesBuildPhase section */
		B82268042DBAF6C300BD79E1 /* Sources */ = {
			isa = PBXSourcesBuildPhase;
			buildActionMask = 2147483647;
			files = (
			);
			runOnlyForDeploymentPostprocessing = 0;
		};
		B822681A2DBAF6C600BD79E1 /* Sources */ = {
			isa = PBXSourcesBuildPhase;
			buildActionMask = 2147483647;
			files = (
			);
			runOnlyForDeploymentPostprocessing = 0;
		};
		B82268242DBAF6C600BD79E1 /* Sources */ = {
			isa = PBXSourcesBuildPhase;
			buildActionMask = 2147483647;
			files = (
			);
			runOnlyForDeploymentPostprocessing = 0;
		};
/* End PBXSourcesBuildPhase section */

/* Begin PBXTargetDependency section */
		B82268202DBAF6C600BD79E1 /* PBXTargetDependency */ = {
			isa = PBXTargetDependency;
			target = B82268072DBAF6C300BD79E1 /* GaleriaArtistasCuritiba */;
			targetProxy = B822681F2DBAF6C600BD79E1 /* PBXContainerItemProxy */;
		};
		B822682A2DBAF6C600BD79E1 /* PBXTargetDependency */ = {
			isa = PBXTargetDependency;
			target = B82268072DBAF6C300BD79E1 /* GaleriaArtistasCuritiba */;
			targetProxy = B82268292DBAF6C600BD79E1 /* PBXContainerItemProxy */;
		};
/* End PBXTargetDependency section */

/* Begin XCBuildConfiguration section */
		B82268322DBAF6C600BD79E1 /* Debug */ = {
			isa = XCBuildConfiguration;
			buildSettings = {
				ASSETCATALOG_COMPILER_APPICON_NAME = AppIcon;
				ASSETCATALOG_COMPILER_GLOBAL_ACCENT_COLOR_NAME = AccentColor;
				CODE_SIGN_STYLE = Automatic;
				CURRENT_PROJECT_VERSION = 1;
				GENERATE_INFOPLIST_FILE = YES;
				INFOPLIST_FILE = GaleriaArtistasCuritiba/Info.plist;
				INFOPLIST_KEY_UIApplicationSupportsIndirectInputEvents = YES;
				INFOPLIST_KEY_UILaunchStoryboardName = LaunchScreen;
				INFOPLIST_KEY_UIMainStoryboardFile = Main;
				INFOPLIST_KEY_UISupportedInterfaceOrientations_iPad = "UIInterfaceOrientationPortrait UIInterfaceOrientationPortraitUpsideDown UIInterfaceOrientationLandscapeLeft UIInterfaceOrientationLandscapeRight";
				INFOPLIST_KEY_UISupportedInterfaceOrientations_iPhone = "UIInterfaceOrientationPortrait UIInterfaceOrientationLandscapeLeft UIInterfaceOrientationLandscapeRight";
				LD_RUNPATH_SEARCH_PATHS = (
					"$(inherited)",
					"@executable_path/Frameworks",
				);
				MARKETING_VERSION = 1.0;
				PRODUCT_BUNDLE_IDENTIFIER = PUCPR.GaleriaArtistasCuritiba;
				PRODUCT_NAME = "$(TARGET_NAME)";
				SWIFT_EMIT_LOC_STRINGS = YES;
				SWIFT_VERSION = 5.0;
				TARGETED_DEVICE_FAMILY = "1,2";
			};
			name = Debug;
		};
		B82268332DBAF6C600BD79E1 /* Release */ = {
			isa = XCBuildConfiguration;
			buildSettings = {
				ASSETCATALOG_COMPILER_APPICON_NAME = AppIcon;
				ASSETCATALOG_COMPILER_GLOBAL_ACCENT_COLOR_NAME = AccentColor;
				CODE_SIGN_STYLE = Automatic;
				CURRENT_PROJECT_VERSION = 1;
				GENERATE_INFOPLIST_FILE = YES;
				INFOPLIST_FILE = GaleriaArtistasCuritiba/Info.plist;
				INFOPLIST_KEY_UIApplicationSupportsIndirectInputEvents = YES;
				INFOPLIST_KEY_UILaunchStoryboardName = LaunchScreen;
				INFOPLIST_KEY_UIMainStoryboardFile = Main;
				INFOPLIST_KEY_UISupportedInterfaceOrientations_iPad = "UIInterfaceOrientationPortrait UIInterfaceOrientationPortraitUpsideDown UIInterfaceOrientationLandscapeLeft UIInterfaceOrientationLandscapeRight";
				INFOPLIST_KEY_UISupportedInterfaceOrientations_iPhone = "UIInterfaceOrientationPortrait UIInterfaceOrientationLandscapeLeft UIInterfaceOrientationLandscapeRight";
				LD_RUNPATH_SEARCH_PATHS = (
					"$(inherited)",
					"@executable_path/Frameworks",
				);
				MARKETING_VERSION = 1.0;
				PRODUCT_BUNDLE_IDENTIFIER = PUCPR.GaleriaArtistasCuritiba;
				PRODUCT_NAME = "$(TARGET_NAME)";
				SWIFT_EMIT_LOC_STRINGS = YES;
				SWIFT_VERSION = 5.0;
				TARGETED_DEVICE_FAMILY = "1,2";
			};
			name = Release;
		};
		B82268342DBAF6C600BD79E1 /* Debug */ = {
			isa = XCBuildConfiguration;
			buildSettings = {
				ALWAYS_SEARCH_USER_PATHS = NO;
				ASSETCATALOG_COMPILER_GENERATE_SWIFT_ASSET_SYMBOL_EXTENSIONS = YES;
				CLANG_ANALYZER_NONNULL = YES;
				CLANG_ANALYZER_NUMBER_OBJECT_CONVERSION = YES_AGGRESSIVE;
				CLANG_CXX_LANGUAGE_STANDARD = "gnu++20";
				CLANG_ENABLE_MODULES = YES;
				CLANG_ENABLE_OBJC_ARC = YES;
				CLANG_ENABLE_OBJC_WEAK = YES;
				CLANG_WARN_BLOCK_CAPTURE_AUTORELEASING = YES;
				CLANG_WARN_BOOL_CONVERSION = YES;
				CLANG_WARN_COMMA = YES;
				CLANG_WARN_CONSTANT_CONVERSION = YES;
				CLANG_WARN_DEPRECATED_OBJC_IMPLEMENTATIONS = YES;
				CLANG_WARN_DIRECT_OBJC_ISA_USAGE = YES_ERROR;
				CLANG_WARN_DOCUMENTATION_COMMENTS = YES;
				CLANG_WARN_EMPTY_BODY = YES;
				CLANG_WARN_ENUM_CONVERSION = YES;
				CLANG_WARN_INFINITE_RECURSION = YES;
				CLANG_WARN_INT_CONVERSION = YES;
				CLANG_WARN_NON_LITERAL_NULL_CONVERSION = YES;
				CLANG_WARN_OBJC_IMPLICIT_RETAIN_SELF = YES;
				CLANG_WARN_OBJC_LITERAL_CONVERSION = YES;
				CLANG_WARN_OBJC_ROOT_CLASS = YES_ERROR;
				CLANG_WARN_QUOTED_INCLUDE_IN_FRAMEWORK_HEADER = YES;
				CLANG_WARN_RANGE_LOOP_ANALYSIS = YES;
				CLANG_WARN_STRICT_PROTOTYPES = YES;
				CLANG_WARN_SUSPICIOUS_MOVE = YES;
				CLANG_WARN_UNGUARDED_AVAILABILITY = YES_AGGRESSIVE;
				CLANG_WARN_UNREACHABLE_CODE = YES;
				CLANG_WARN__DUPLICATE_METHOD_MATCH = YES;
				COPY_PHASE_STRIP = NO;
				DEBUG_INFORMATION_FORMAT = dwarf;
				ENABLE_STRICT_OBJC_MSGSEND = YES;
				ENABLE_TESTABILITY = YES;
				ENABLE_USER_SCRIPT_SANDBOXING = YES;
				GCC_C_LANGUAGE_STANDARD = gnu17;
				GCC_DYNAMIC_NO_PIC = NO;
				GCC_NO_COMMON_BLOCKS = YES;
				GCC_OPTIMIZATION_LEVEL = 0;
				GCC_PREPROCESSOR_DEFINITIONS = (
					"DEBUG=1",
					"$(inherited)",
				);
				GCC_WARN_64_TO_32_BIT_CONVERSION = YES;
				GCC_WARN_ABOUT_RETURN_TYPE = YES_ERROR;
				GCC_WARN_UNDECLARED_SELECTOR = YES;
				GCC_WARN_UNINITIALIZED_AUTOS = YES_AGGRESSIVE;
				GCC_WARN_UNUSED_FUNCTION = YES;
				GCC_WARN_UNUSED_VARIABLE = YES;
				IPHONEOS_DEPLOYMENT_TARGET = 18.2;
				LOCALIZATION_PREFERS_STRING_CATALOGS = YES;
				MTL_ENABLE_DEBUG_INFO = INCLUDE_SOURCE;
				MTL_FAST_MATH = YES;
				ONLY_ACTIVE_ARCH = YES;
				SDKROOT = iphoneos;
				SWIFT_ACTIVE_COMPILATION_CONDITIONS = "DEBUG $(inherited)";
				SWIFT_OPTIMIZATION_LEVEL = "-Onone";
			};
			name = Debug;
		};
		B82268352DBAF6C600BD79E1 /* Release */ = {
			isa = XCBuildConfiguration;
			buildSettings = {
				ALWAYS_SEARCH_USER_PATHS = NO;
				ASSETCATALOG_COMPILER_GENERATE_SWIFT_ASSET_SYMBOL_EXTENSIONS = YES;
				CLANG_ANALYZER_NONNULL = YES;
				CLANG_ANALYZER_NUMBER_OBJECT_CONVERSION = YES_AGGRESSIVE;
				CLANG_CXX_LANGUAGE_STANDARD = "gnu++20";
				CLANG_ENABLE_MODULES = YES;
				CLANG_ENABLE_OBJC_ARC = YES;
				CLANG_ENABLE_OBJC_WEAK = YES;
				CLANG_WARN_BLOCK_CAPTURE_AUTORELEASING = YES;
				CLANG_WARN_BOOL_CONVERSION = YES;
				CLANG_WARN_COMMA = YES;
				CLANG_WARN_CONSTANT_CONVERSION = YES;
				CLANG_WARN_DEPRECATED_OBJC_IMPLEMENTATIONS = YES;
				CLANG_WARN_DIRECT_OBJC_ISA_USAGE = YES_ERROR;
				CLANG_WARN_DOCUMENTATION_COMMENTS = YES;
				CLANG_WARN_EMPTY_BODY = YES;
				CLANG_WARN_ENUM_CONVERSION = YES;
				CLANG_WARN_INFINITE_RECURSION = YES;
				CLANG_WARN_INT_CONVERSION = YES;
				CLANG_WARN_NON_LITERAL_NULL_CONVERSION = YES;
				CLANG_WARN_OBJC_IMPLICIT_RETAIN_SELF = YES;
				CLANG_WARN_OBJC_LITERAL_CONVERSION = YES;
				CLANG_WARN_OBJC_ROOT_CLASS = YES_ERROR;
				CLANG_WARN_QUOTED_INCLUDE_IN_FRAMEWORK_HEADER = YES;
				CLANG_WARN_RANGE_LOOP_ANALYSIS = YES;
				CLANG_WARN_STRICT_PROTOTYPES = YES;
				CLANG_WARN_SUSPICIOUS_MOVE = YES;
				CLANG_WARN_UNGUARDED_AVAILABILITY = YES_AGGRESSIVE;
				CLANG_WARN_UNREACHABLE_CODE = YES;
				CLANG_WARN__DUPLICATE_METHOD_MATCH = YES;
				COPY_PHASE_STRIP = NO;
				DEBUG_INFORMATION_FORMAT = "dwarf-with-dsym";
				ENABLE_NS_ASSERTIONS = NO;
				ENABLE_STRICT_OBJC_MSGSEND = YES;
				ENABLE_USER_SCRIPT_SANDBOXING = YES;
				GCC_C_LANGUAGE_STANDARD = gnu17;
				GCC_NO_COMMON_BLOCKS = YES;
				GCC_WARN_64_TO_32_BIT_CONVERSION = YES;
				GCC_WARN_ABOUT_RETURN_TYPE = YES_ERROR;
				GCC_WARN_UNDECLARED_SELECTOR = YES;
				GCC_WARN_UNINITIALIZED_AUTOS = YES_AGGRESSIVE;
				GCC_WARN_UNUSED_FUNCTION = YES;
				GCC_WARN_UNUSED_VARIABLE = YES;
				IPHONEOS_DEPLOYMENT_TARGET = 18.2;
				LOCALIZATION_PREFERS_STRING_CATALOGS = YES;
				MTL_ENABLE_DEBUG_INFO = NO;
				MTL_FAST_MATH = YES;
				SDKROOT = iphoneos;
				SWIFT_COMPILATION_MODE = wholemodule;
				VALIDATE_PRODUCT = YES;
			};
			name = Release;
		};
		B82268372DBAF6C600BD79E1 /* Debug */ = {
			isa = XCBuildConfiguration;
			buildSettings = {
				BUNDLE_LOADER = "$(TEST_HOST)";
				CODE_SIGN_STYLE = Automatic;
				CURRENT_PROJECT_VERSION = 1;
				GENERATE_INFOPLIST_FILE = YES;
				IPHONEOS_DEPLOYMENT_TARGET = 18.2;
				MARKETING_VERSION = 1.0;
				PRODUCT_BUNDLE_IDENTIFIER = PUCPR.GaleriaArtistasCuritibaTests;
				PRODUCT_NAME = "$(TARGET_NAME)";
				SWIFT_EMIT_LOC_STRINGS = NO;
				SWIFT_VERSION = 5.0;
				TARGETED_DEVICE_FAMILY = "1,2";
				TEST_HOST = "$(BUILT_PRODUCTS_DIR)/GaleriaArtistasCuritiba.app/$(BUNDLE_EXECUTABLE_FOLDER_PATH)/GaleriaArtistasCuritiba";
			};
			name = Debug;
		};
		B82268382DBAF6C600BD79E1 /* Release */ = {
			isa = XCBuildConfiguration;
			buildSettings = {
				BUNDLE_LOADER = "$(TEST_HOST)";
				CODE_SIGN_STYLE = Automatic;
				CURRENT_PROJECT_VERSION = 1;
				GENERATE_INFOPLIST_FILE = YES;
				IPHONEOS_DEPLOYMENT_TARGET = 18.2;
				MARKETING_VERSION = 1.0;
				PRODUCT_BUNDLE_IDENTIFIER = PUCPR.GaleriaArtistasCuritibaTests;
				PRODUCT_NAME = "$(TARGET_NAME)";
				SWIFT_EMIT_LOC_STRINGS = NO;
				SWIFT_VERSION = 5.0;
				TARGETED_DEVICE_FAMILY = "1,2";
				TEST_HOST = "$(BUILT_PRODUCTS_DIR)/GaleriaArtistasCuritiba.app/$(BUNDLE_EXECUTABLE_FOLDER_PATH)/GaleriaArtistasCuritiba";
			};
			name = Release;
		};
		B822683A2DBAF6C600BD79E1 /* Debug */ = {
			isa = XCBuildConfiguration;
			buildSettings = {
				CODE_SIGN_STYLE = Automatic;
				CURRENT_PROJECT_VERSION = 1;
				GENERATE_INFOPLIST_FILE = YES;
				MARKETING_VERSION = 1.0;
				PRODUCT_BUNDLE_IDENTIFIER = PUCPR.GaleriaArtistasCuritibaUITests;
				PRODUCT_NAME = "$(TARGET_NAME)";
				SWIFT_EMIT_LOC_STRINGS = NO;
				SWIFT_VERSION = 5.0;
				TARGETED_DEVICE_FAMILY = "1,2";
				TEST_TARGET_NAME = GaleriaArtistasCuritiba;
			};
			name = Debug;
		};
		B822683B2DBAF6C600BD79E1 /* Release */ = {
			isa = XCBuildConfiguration;
			buildSettings = {
				CODE_SIGN_STYLE = Automatic;
				CURRENT_PROJECT_VERSION = 1;
				GENERATE_INFOPLIST_FILE = YES;
				MARKETING_VERSION = 1.0;
				PRODUCT_BUNDLE_IDENTIFIER = PUCPR.GaleriaArtistasCuritibaUITests;
				PRODUCT_NAME = "$(TARGET_NAME)";
				SWIFT_EMIT_LOC_STRINGS = NO;
				SWIFT_VERSION = 5.0;
				TARGETED_DEVICE_FAMILY = "1,2";
				TEST_TARGET_NAME = GaleriaArtistasCuritiba;
			};
			name = Release;
		};
/* End XCBuildConfiguration section */

/* Begin XCConfigurationList section */
		B82268032DBAF6C300BD79E1 /* Build configuration list for PBXProject "GaleriaArtistasCuritiba" */ = {
			isa = XCConfigurationList;
			buildConfigurations = (
				B82268342DBAF6C600BD79E1 /* Debug */,
				B82268352DBAF6C600BD79E1 /* Release */,
			);
			defaultConfigurationIsVisible = 0;
			defaultConfigurationName = Release;
		};
		B82268312DBAF6C600BD79E1 /* Build configuration list for PBXNativeTarget "GaleriaArtistasCuritiba" */ = {
			isa = XCConfigurationList;
			buildConfigurations = (
				B82268322DBAF6C600BD79E1 /* Debug */,
				B82268332DBAF6C600BD79E1 /* Release */,
			);
			defaultConfigurationIsVisible = 0;
			defaultConfigurationName = Release;
		};
		B82268362DBAF6C600BD79E1 /* Build configuration list for PBXNativeTarget "GaleriaArtistasCuritibaTests" */ = {
			isa = XCConfigurationList;
			buildConfigurations = (
				B82268372DBAF6C600BD79E1 /* Debug */,
				B82268382DBAF6C600BD79E1 /* Release */,
			);
			defaultConfigurationIsVisible = 0;
			defaultConfigurationName = Release;
		};
		B82268392DBAF6C600BD79E1 /* Build configuration list for PBXNativeTarget "GaleriaArtistasCuritibaUITests" */ = {
			isa = XCConfigurationList;
			buildConfigurations = (
				B822683A2DBAF6C600BD79E1 /* Debug */,
				B822683B2DBAF6C600BD79E1 /* Release */,
			);
			defaultConfigurationIsVisible = 0;
			defaultConfigurationName = Release;
		};
/* End XCConfigurationList section */
	};
	rootObject = B82268002DBAF6C300BD79E1 /* Project object */;
}
